
Microsoft Visual Studio Solution File, Format Version 12.00
# Visual Studio Version 16
VisualStudioVersion = 16.0.30517.126
MinimumVisualStudioVersion = 10.0.40219.1
Project("{FAE04EC0-301F-11D3-BF4B-00C04F79EFBC}") = "InversionOfControl", "InversionOfControl\InversionOfControl.csproj", "{53A08A5A-359D-4DB7-A582-F57FBF77C296}"
EndProject
Global
	GlobalSection(SolutionConfigurationPlatforms) = preSolution
		Debug|Any CPU = Debug|Any CPU
		Release|Any CPU = Release|Any CPU
	EndGlobalSection
	GlobalSection(ProjectConfigurationPlatforms) = postSolution
		{53A08A5A-359D-4DB7-A582-F57FBF77C296}.Debug|Any CPU.ActiveCfg = Debug|Any CPU
		{53A08A5A-359D-4DB7-A582-F57FBF77C296}.Debug|Any CPU.Build.0 = Debug|Any CPU
		{53A08A5A-359D-4DB7-A582-F57FBF77C296}.Release|Any CPU.ActiveCfg = Release|Any CPU
		{53A08A5A-359D-4DB7-A582-F57FBF77C296}.Release|Any CPU.Build.0 = Release|Any CPU
	EndGlobalSection
	GlobalSection(SolutionProperties) = preSolution
		HideSolutionNode = FALSE
	EndGlobalSection
	GlobalSection(ExtensibilityGlobals) = postSolution
		SolutionGuid = {3C624EA9-B27E-4B3B-B852-068D4ED6127A}
	EndGlobalSection
EndGlobal
